
Microsoft Visual Studio Solution File, Format Version 12.00
# Visual Studio Version 17
VisualStudioVersion = 17.6.33815.320
MinimumVisualStudioVersion = 10.0.40219.1
Project("{2150E333-8FDC-42A3-9474-1A3956D46DE8}") = "Application", "Application", "{543AD32D-A9FC-420D-9C9F-0B20DEA8F41B}"
EndProject
Project("{2150E333-8FDC-42A3-9474-1A3956D46DE8}") = "Core", "Core", "{22A63412-0270-4436-BB18-86C9EDBE6F73}"
EndProject
Project("{2150E333-8FDC-42A3-9474-1A3956D46DE8}") = "Data", "Data", "{319D4F44-1E43-456A-813F-2D321A86B020}"
EndProject
Project("{9A19103F-16F7-4668-BE54-9A1E7A4F7556}") = "DTO", "DTO\DTO.csproj", "{84C3E2B8-3017-494B-98BF-A5E0AD8DD0A2}"
EndProject
Project("{9A19103F-16F7-4668-BE54-9A1E7A4F7556}") = "Entity", "Entity\Entity.csproj", "{A63CF0EF-785F-4035-A46C-ABD351D4CD96}"
EndProject
Project("{9A19103F-16F7-4668-BE54-9A1E7A4F7556}") = "Repository", "Repository\Repository.csproj", "{FB4E6E74-46D3-482B-A40A-0746C056CE76}"
EndProject
Project("{9A19103F-16F7-4668-BE54-9A1E7A4F7556}") = "Connecter", "Connecter\Connecter.csproj", "{39A9B521-F441-4244-A541-06F704392E94}"
EndProject
Project("{9A19103F-16F7-4668-BE54-9A1E7A4F7556}") = "API", "API\API.csproj", "{AC5E0CD2-3BF0-46AA-9163-52F7C78D379A}"
EndProject
Project("{9A19103F-16F7-4668-BE54-9A1E7A4F7556}") = "UI", "UI\UI.csproj", "{6883B31F-8206-47FC-BA86-28A872CACA4A}"
EndProject
Global
	GlobalSection(SolutionConfigurationPlatforms) = preSolution
		Debug|Any CPU = Debug|Any CPU
		Release|Any CPU = Release|Any CPU
	EndGlobalSection
	GlobalSection(ProjectConfigurationPlatforms) = postSolution
		{84C3E2B8-3017-494B-98BF-A5E0AD8DD0A2}.Debug|Any CPU.ActiveCfg = Debug|Any CPU
		{84C3E2B8-3017-494B-98BF-A5E0AD8DD0A2}.Debug|Any CPU.Build.0 = Debug|Any CPU
		{84C3E2B8-3017-494B-98BF-A5E0AD8DD0A2}.Release|Any CPU.ActiveCfg = Release|Any CPU
		{84C3E2B8-3017-494B-98BF-A5E0AD8DD0A2}.Release|Any CPU.Build.0 = Release|Any CPU
		{A63CF0EF-785F-4035-A46C-ABD351D4CD96}.Debug|Any CPU.ActiveCfg = Debug|Any CPU
		{A63CF0EF-785F-4035-A46C-ABD351D4CD96}.Debug|Any CPU.Build.0 = Debug|Any CPU
		{A63CF0EF-785F-4035-A46C-ABD351D4CD96}.Release|Any CPU.ActiveCfg = Release|Any CPU
		{A63CF0EF-785F-4035-A46C-ABD351D4CD96}.Release|Any CPU.Build.0 = Release|Any CPU
		{FB4E6E74-46D3-482B-A40A-0746C056CE76}.Debug|Any CPU.ActiveCfg = Debug|Any CPU
		{FB4E6E74-46D3-482B-A40A-0746C056CE76}.Debug|Any CPU.Build.0 = Debug|Any CPU
		{FB4E6E74-46D3-482B-A40A-0746C056CE76}.Release|Any CPU.ActiveCfg = Release|Any CPU
		{FB4E6E74-46D3-482B-A40A-0746C056CE76}.Release|Any CPU.Build.0 = Release|Any CPU
		{39A9B521-F441-4244-A541-06F704392E94}.Debug|Any CPU.ActiveCfg = Debug|Any CPU
		{39A9B521-F441-4244-A541-06F704392E94}.Debug|Any CPU.Build.0 = Debug|Any CPU
		{39A9B521-F441-4244-A541-06F704392E94}.Release|Any CPU.ActiveCfg = Release|Any CPU
		{39A9B521-F441-4244-A541-06F704392E94}.Release|Any CPU.Build.0 = Release|Any CPU
		{AC5E0CD2-3BF0-46AA-9163-52F7C78D379A}.Debug|Any CPU.ActiveCfg = Debug|Any CPU
		{AC5E0CD2-3BF0-46AA-9163-52F7C78D379A}.Debug|Any CPU.Build.0 = Debug|Any CPU
		{AC5E0CD2-3BF0-46AA-9163-52F7C78D379A}.Release|Any CPU.ActiveCfg = Release|Any CPU
		{AC5E0CD2-3BF0-46AA-9163-52F7C78D379A}.Release|Any CPU.Build.0 = Release|Any CPU
		{6883B31F-8206-47FC-BA86-28A872CACA4A}.Debug|Any CPU.ActiveCfg = Debug|Any CPU
		{6883B31F-8206-47FC-BA86-28A872CACA4A}.Debug|Any CPU.Build.0 = Debug|Any CPU
		{6883B31F-8206-47FC-BA86-28A872CACA4A}.Release|Any CPU.ActiveCfg = Release|Any CPU
		{6883B31F-8206-47FC-BA86-28A872CACA4A}.Release|Any CPU.Build.0 = Release|Any CPU
	EndGlobalSection
	GlobalSection(SolutionProperties) = preSolution
		HideSolutionNode = FALSE
	EndGlobalSection
	GlobalSection(NestedProjects) = preSolution
		{84C3E2B8-3017-494B-98BF-A5E0AD8DD0A2} = {22A63412-0270-4436-BB18-86C9EDBE6F73}
		{A63CF0EF-785F-4035-A46C-ABD351D4CD96} = {22A63412-0270-4436-BB18-86C9EDBE6F73}
		{FB4E6E74-46D3-482B-A40A-0746C056CE76} = {319D4F44-1E43-456A-813F-2D321A86B020}
		{39A9B521-F441-4244-A541-06F704392E94} = {319D4F44-1E43-456A-813F-2D321A86B020}
		{AC5E0CD2-3BF0-46AA-9163-52F7C78D379A} = {543AD32D-A9FC-420D-9C9F-0B20DEA8F41B}
		{6883B31F-8206-47FC-BA86-28A872CACA4A} = {543AD32D-A9FC-420D-9C9F-0B20DEA8F41B}
	EndGlobalSection
	GlobalSection(ExtensibilityGlobals) = postSolution
		SolutionGuid = {1CC0150C-EE38-447D-A9E4-A3CA3D5970AD}
	EndGlobalSection
EndGlobal
